
Microsoft Visual Studio Solution File, Format Version 12.00
# Visual Studio 15
VisualStudioVersion = 15.0.28307.757
MinimumVisualStudioVersion = 10.0.40219.1
Project("{FAE04EC0-301F-11D3-BF4B-00C04F79EFBC}") = "WeatherReportWebJob", "WeatherReportWebJob\WeatherReportWebJob.csproj", "{C27CC5A6-50EF-4A9F-AC44-C8944F967CE1}"
EndProject
Global
	GlobalSection(SolutionConfigurationPlatforms) = preSolution
		Debug|Any CPU = Debug|Any CPU
		Release|Any CPU = Release|Any CPU
	EndGlobalSection
	GlobalSection(ProjectConfigurationPlatforms) = postSolution
		{C27CC5A6-50EF-4A9F-AC44-C8944F967CE1}.Debug|Any CPU.ActiveCfg = Debug|Any CPU
		{C27CC5A6-50EF-4A9F-AC44-C8944F967CE1}.Debug|Any CPU.Build.0 = Debug|Any CPU
		{C27CC5A6-50EF-4A9F-AC44-C8944F967CE1}.Release|Any CPU.ActiveCfg = Release|Any CPU
		{C27CC5A6-50EF-4A9F-AC44-C8944F967CE1}.Release|Any CPU.Build.0 = Release|Any CPU
	EndGlobalSection
	GlobalSection(SolutionProperties) = preSolution
		HideSolutionNode = FALSE
	EndGlobalSection
	GlobalSection(ExtensibilityGlobals) = postSolution
		SolutionGuid = {EFBEF6FD-C737-4D6C-97AD-75AE820CEF62}
	EndGlobalSection
EndGlobal
